// !$*UTF8*$!
{
	archiveVersion = 1;
	classes = {
	};
	objectVersion = 46;
	objects = {

/* Begin PBXBuildFile section */
		6908797F1B546C9700D63815 /* HelpViewController.m in Sources */ = {isa = PBXBuildFile; fileRef = 6908797E1B546C9700D63815 /* HelpViewController.m */; };
		6910D1871AE09F9A005C52C4 /* game.c in Sources */ = {isa = PBXBuildFile; fileRef = 6910D1861AE09F9A005C52C4 /* game.c */; };
		69253B911AEDC3A300C663B0 /* Fortunes.plist in Resources */ = {isa = PBXBuildFile; fileRef = 69253B901AEDC3A300C663B0 /* Fortunes.plist */; };
		697871C41B26875200DB3C8E /* Default-568h@2x.png in Resources */ = {isa = PBXBuildFile; fileRef = 697871C31B26875200DB3C8E /* Default-568h@2x.png */; };
		698724E41B5469C4003677CF /* alert.aif in Resources */ = {isa = PBXBuildFile; fileRef = 698724D71B5469C4003677CF /* alert.aif */; };
		698724E51B5469C4003677CF /* snd000.mp3 in Resources */ = {isa = PBXBuildFile; fileRef = 698724D81B5469C4003677CF /* snd000.mp3 */; };
		698724E61B5469C4003677CF /* snd001.mp3 in Resources */ = {isa = PBXBuildFile; fileRef = 698724D91B5469C4003677CF /* snd001.mp3 */; };
		698724E71B5469C4003677CF /* snd002.mp3 in Resources */ = {isa = PBXBuildFile; fileRef = 698724DA1B5469C4003677CF /* snd002.mp3 */; };
		698724E81B5469C4003677CF /* snd010.mp3 in Resources */ = {isa = PBXBuildFile; fileRef = 698724DB1B5469C4003677CF /* snd010.mp3 */; };
		698724E91B5469C4003677CF /* snd012.mp3 in Resources */ = {isa = PBXBuildFile; fileRef = 698724DC1B5469C4003677CF /* snd012.mp3 */; };
		698724EA1B5469C4003677CF /* snd060.mp3 in Resources */ = {isa = PBXBuildFile; fileRef = 698724DD1B5469C4003677CF /* snd060.mp3 */; };
		698724EB1B5469C4003677CF /* snd111.mp3 in Resources */ = {isa = PBXBuildFile; fileRef = 698724DE1B5469C4003677CF /* snd111.mp3 */; };
		698724EC1B5469C4003677CF /* snd112.mp3 in Resources */ = {isa = PBXBuildFile; fileRef = 698724DF1B5469C4003677CF /* snd112.mp3 */; };
		698724ED1B5469C4003677CF /* snd120.mp3 in Resources */ = {isa = PBXBuildFile; fileRef = 698724E01B5469C4003677CF /* snd120.mp3 */; };
		698724EE1B5469C4003677CF /* snd122.mp3 in Resources */ = {isa = PBXBuildFile; fileRef = 698724E11B5469C4003677CF /* snd122.mp3 */; };
		698724EF1B5469C4003677CF /* snd132.mp3 in Resources */ = {isa = PBXBuildFile; fileRef = 698724E21B5469C4003677CF /* snd132.mp3 */; };
		698724F01B5469C4003677CF /* snd140.mp3 in Resources */ = {isa = PBXBuildFile; fileRef = 698724E31B5469C4003677CF /* snd140.mp3 */; };
		699C2D651AD22AE000677F49 /* KeyboardView.m in Sources */ = {isa = PBXBuildFile; fileRef = 699C2D641AD22AE000677F49 /* KeyboardView.m */; };
		699C2D671AD62BF200677F49 /* dance.c in Sources */ = {isa = PBXBuildFile; fileRef = 699C2D661AD62BF200677F49 /* dance.c */; };
		69D705031AC8AE61007BF862 /* main.m in Sources */ = {isa = PBXBuildFile; fileRef = 69D705021AC8AE61007BF862 /* main.m */; };
		69D705061AC8AE61007BF862 /* AppDelegate.m in Sources */ = {isa = PBXBuildFile; fileRef = 69D705051AC8AE61007BF862 /* AppDelegate.m */; };
		69D705091AC8AE61007BF862 /* ViewController.m in Sources */ = {isa = PBXBuildFile; fileRef = 69D705081AC8AE61007BF862 /* ViewController.m */; };
		69D7050C1AC8AE61007BF862 /* Main.storyboard in Resources */ = {isa = PBXBuildFile; fileRef = 69D7050A1AC8AE61007BF862 /* Main.storyboard */; };
		69D7050E1AC8AE61007BF862 /* Images.xcassets in Resources */ = {isa = PBXBuildFile; fileRef = 69D7050D1AC8AE61007BF862 /* Images.xcassets */; };
		69D705111AC8AE61007BF862 /* LaunchScreen.xib in Resources */ = {isa = PBXBuildFile; fileRef = 69D7050F1AC8AE61007BF862 /* LaunchScreen.xib */; };
		69D705281AC8B468007BF862 /* BoardView.m in Sources */ = {isa = PBXBuildFile; fileRef = 69D705271AC8B468007BF862 /* BoardView.m */; };
/* End PBXBuildFile section */

/* Begin PBXFileReference section */
		6908797D1B546C9700D63815 /* HelpViewController.h */ = {isa = PBXFileReference; fileEncoding = 4; lastKnownFileType = sourcecode.c.h; path = HelpViewController.h; sourceTree = "<group>"; };
		6908797E1B546C9700D63815 /* HelpViewController.m */ = {isa = PBXFileReference; fileEncoding = 4; lastKnownFileType = sourcecode.c.objc; path = HelpViewController.m; sourceTree = "<group>"; };
		6910D1861AE09F9A005C52C4 /* game.c */ = {isa = PBXFileReference; fileEncoding = 4; lastKnownFileType = sourcecode.c.c; path = game.c; sourceTree = "<group>"; };
		69253B901AEDC3A300C663B0 /* Fortunes.plist */ = {isa = PBXFileReference; fileEncoding = 4; lastKnownFileType = text.plist.xml; path = Fortunes.plist; sourceTree = "<group>"; };
		697871C31B26875200DB3C8E /* Default-568h@2x.png */ = {isa = PBXFileReference; lastKnownFileType = image.png; path = "Default-568h@2x.png"; sourceTree = "<group>"; };
		698724D71B5469C4003677CF /* alert.aif */ = {isa = PBXFileReference; lastKnownFileType = file; path = alert.aif; sourceTree = "<group>"; };
		698724D81B5469C4003677CF /* snd000.mp3 */ = {isa = PBXFileReference; lastKnownFileType = audio.mp3; path = snd000.mp3; sourceTree = "<group>"; };
		698724D91B5469C4003677CF /* snd001.mp3 */ = {isa = PBXFileReference; lastKnownFileType = audio.mp3; path = snd001.mp3; sourceTree = "<group>"; };
		698724DA1B5469C4003677CF /* snd002.mp3 */ = {isa = PBXFileReference; lastKnownFileType = audio.mp3; path = snd002.mp3; sourceTree = "<group>"; };
		698724DB1B5469C4003677CF /* snd010.mp3 */ = {isa = PBXFileReference; lastKnownFileType = audio.mp3; path = snd010.mp3; sourceTree = "<group>"; };
		698724DC1B5469C4003677CF /* snd012.mp3 */ = {isa = PBXFileReference; lastKnownFileType = audio.mp3; path = snd012.mp3; sourceTree = "<group>"; };
		698724DD1B5469C4003677CF /* snd060.mp3 */ = {isa = PBXFileReference; lastKnownFileType = audio.mp3; path = snd060.mp3; sourceTree = "<group>"; };
		698724DE1B5469C4003677CF /* snd111.mp3 */ = {isa = PBXFileReference; lastKnownFileType = audio.mp3; path = snd111.mp3; sourceTree = "<group>"; };
		698724DF1B5469C4003677CF /* snd112.mp3 */ = {isa = PBXFileReference; lastKnownFileType = audio.mp3; path = snd112.mp3; sourceTree = "<group>"; };
		698724E01B5469C4003677CF /* snd120.mp3 */ = {isa = PBXFileReference; lastKnownFileType = audio.mp3; path = snd120.mp3; sourceTree = "<group>"; };
		698724E11B5469C4003677CF /* snd122.mp3 */ = {isa = PBXFileReference; lastKnownFileType = audio.mp3; path = snd122.mp3; sourceTree = "<group>"; };
		698724E21B5469C4003677CF /* snd132.mp3 */ = {isa = PBXFileReference; lastKnownFileType = audio.mp3; path = snd132.mp3; sourceTree = "<group>"; };
		698724E31B5469C4003677CF /* snd140.mp3 */ = {isa = PBXFileReference; lastKnownFileType = audio.mp3; path = snd140.mp3; sourceTree = "<group>"; };
		699C2D631AD22AE000677F49 /* KeyboardView.h */ = {isa = PBXFileReference; fileEncoding = 4; lastKnownFileType = sourcecode.c.h; path = KeyboardView.h; sourceTree = "<group>"; };
		699C2D641AD22AE000677F49 /* KeyboardView.m */ = {isa = PBXFileReference; fileEncoding = 4; lastKnownFileType = sourcecode.c.objc; path = KeyboardView.m; sourceTree = "<group>"; };
		699C2D661AD62BF200677F49 /* dance.c */ = {isa = PBXFileReference; fileEncoding = 4; lastKnownFileType = sourcecode.c.c; path = dance.c; sourceTree = "<group>"; };
		699C2D681AD62CB100677F49 /* dance.h */ = {isa = PBXFileReference; fileEncoding = 4; lastKnownFileType = sourcecode.c.h; path = dance.h; sourceTree = "<group>"; };
		69D704FD1AC8AE61007BF862 /* Dudeoku.app */ = {isa = PBXFileReference; explicitFileType = wrapper.application; includeInIndex = 0; path = Dudeoku.app; sourceTree = BUILT_PRODUCTS_DIR; };
		69D705011AC8AE61007BF862 /* Info.plist */ = {isa = PBXFileReference; lastKnownFileType = text.plist.xml; path = Info.plist; sourceTree = "<group>"; };
		69D705021AC8AE61007BF862 /* main.m */ = {isa = PBXFileReference; lastKnownFileType = sourcecode.c.objc; path = main.m; sourceTree = "<group>"; };
		69D705041AC8AE61007BF862 /* AppDelegate.h */ = {isa = PBXFileReference; lastKnownFileType = sourcecode.c.h; path = AppDelegate.h; sourceTree = "<group>"; };
		69D705051AC8AE61007BF862 /* AppDelegate.m */ = {isa = PBXFileReference; lastKnownFileType = sourcecode.c.objc; path = AppDelegate.m; sourceTree = "<group>"; };
		69D705071AC8AE61007BF862 /* ViewController.h */ = {isa = PBXFileReference; lastKnownFileType = sourcecode.c.h; path = ViewController.h; sourceTree = "<group>"; };
		69D705081AC8AE61007BF862 /* ViewController.m */ = {isa = PBXFileReference; lastKnownFileType = sourcecode.c.objc; path = ViewController.m; sourceTree = "<group>"; };
		69D7050B1AC8AE61007BF862 /* Base */ = {isa = PBXFileReference; lastKnownFileType = file.storyboard; name = Base; path = Base.lproj/Main.storyboard; sourceTree = "<group>"; };
		69D7050D1AC8AE61007BF862 /* Images.xcassets */ = {isa = PBXFileReference; lastKnownFileType = folder.assetcatalog; path = Images.xcassets; sourceTree = "<group>"; };
		69D705101AC8AE61007BF862 /* Base */ = {isa = PBXFileReference; lastKnownFileType = file.xib; name = Base; path = Base.lproj/LaunchScreen.xib; sourceTree = "<group>"; };
		69D705261AC8B468007BF862 /* BoardView.h */ = {isa = PBXFileReference; fileEncoding = 4; lastKnownFileType = sourcecode.c.h; path = BoardView.h; sourceTree = "<group>"; };
		69D705271AC8B468007BF862 /* BoardView.m */ = {isa = PBXFileReference; fileEncoding = 4; lastKnownFileType = sourcecode.c.objc; path = BoardView.m; sourceTree = "<group>"; };
		69D705291ACB9F35007BF862 /* board.h */ = {isa = PBXFileReference; lastKnownFileType = sourcecode.c.h; path = board.h; sourceTree = "<group>"; };
/* End PBXFileReference section */

/* Begin PBXFrameworksBuildPhase section */
		69D704FA1AC8AE61007BF862 /* Frameworks */ = {
			isa = PBXFrameworksBuildPhase;
			buildActionMask = 2147483647;
			files = (
			);
			runOnlyForDeploymentPostprocessing = 0;
		};
/* End PBXFrameworksBuildPhase section */

/* Begin PBXGroup section */
		698724D61B546988003677CF /* Sounds */ = {
			isa = PBXGroup;
			children = (
				698724D71B5469C4003677CF /* alert.aif */,
				698724D81B5469C4003677CF /* snd000.mp3 */,
				698724D91B5469C4003677CF /* snd001.mp3 */,
				698724DA1B5469C4003677CF /* snd002.mp3 */,
				698724DB1B5469C4003677CF /* snd010.mp3 */,
				698724DC1B5469C4003677CF /* snd012.mp3 */,
				698724DD1B5469C4003677CF /* snd060.mp3 */,
				698724DE1B5469C4003677CF /* snd111.mp3 */,
				698724DF1B5469C4003677CF /* snd112.mp3 */,
				698724E01B5469C4003677CF /* snd120.mp3 */,
				698724E11B5469C4003677CF /* snd122.mp3 */,
				698724E21B5469C4003677CF /* snd132.mp3 */,
				698724E31B5469C4003677CF /* snd140.mp3 */,
			);
			name = Sounds;
			sourceTree = "<group>";
		};
		69D704F41AC8AE61007BF862 = {
			isa = PBXGroup;
			children = (
				697871C31B26875200DB3C8E /* Default-568h@2x.png */,
				69D704FF1AC8AE61007BF862 /* Sudoku */,
				69D704FE1AC8AE61007BF862 /* Products */,
			);
			sourceTree = "<group>";
		};
		69D704FE1AC8AE61007BF862 /* Products */ = {
			isa = PBXGroup;
			children = (
				69D704FD1AC8AE61007BF862 /* Dudeoku.app */,
			);
			name = Products;
			sourceTree = "<group>";
		};
		69D704FF1AC8AE61007BF862 /* Sudoku */ = {
			isa = PBXGroup;
			children = (
				6908797D1B546C9700D63815 /* HelpViewController.h */,
				6908797E1B546C9700D63815 /* HelpViewController.m */,
				698724D61B546988003677CF /* Sounds */,
				6910D1861AE09F9A005C52C4 /* game.c */,
				699C2D681AD62CB100677F49 /* dance.h */,
				699C2D661AD62BF200677F49 /* dance.c */,
				69D705041AC8AE61007BF862 /* AppDelegate.h */,
				69D705051AC8AE61007BF862 /* AppDelegate.m */,
				69D705071AC8AE61007BF862 /* ViewController.h */,
				69D705081AC8AE61007BF862 /* ViewController.m */,
				69D7050A1AC8AE61007BF862 /* Main.storyboard */,
				69D7050D1AC8AE61007BF862 /* Images.xcassets */,
				69D7050F1AC8AE61007BF862 /* LaunchScreen.xib */,
				69D705001AC8AE61007BF862 /* Supporting Files */,
				69D705261AC8B468007BF862 /* BoardView.h */,
				69D705271AC8B468007BF862 /* BoardView.m */,
				69D705291ACB9F35007BF862 /* board.h */,
				699C2D631AD22AE000677F49 /* KeyboardView.h */,
				699C2D641AD22AE000677F49 /* KeyboardView.m */,
				69253B901AEDC3A300C663B0 /* Fortunes.plist */,
			);
			path = Sudoku;
			sourceTree = "<group>";
		};
		69D705001AC8AE61007BF862 /* Supporting Files */ = {
			isa = PBXGroup;
			children = (
				69D705011AC8AE61007BF862 /* Info.plist */,
				69D705021AC8AE61007BF862 /* main.m */,
			);
			name = "Supporting Files";
			sourceTree = "<group>";
		};
/* End PBXGroup section */

/* Begin PBXNativeTarget section */
		69D704FC1AC8AE61007BF862 /* Sudoku */ = {
			isa = PBXNativeTarget;
			buildConfigurationList = 69D705201AC8AE62007BF862 /* Build configuration list for PBXNativeTarget "Sudoku" */;
			buildPhases = (
				69D704F91AC8AE61007BF862 /* Sources */,
				69D704FA1AC8AE61007BF862 /* Frameworks */,
				69D704FB1AC8AE61007BF862 /* Resources */,
			);
			buildRules = (
			);
			dependencies = (
			);
			name = Sudoku;
			productName = Doodle;
			productReference = 69D704FD1AC8AE61007BF862 /* Dudeoku.app */;
			productType = "com.apple.product-type.application";
		};
/* End PBXNativeTarget section */

/* Begin PBXProject section */
		69D704F51AC8AE61007BF862 /* Project object */ = {
			isa = PBXProject;
			attributes = {
				LastUpgradeCheck = 0620;
				ORGANIZATIONNAME = ajs;
				TargetAttributes = {
					69D704FC1AC8AE61007BF862 = {
						CreatedOnToolsVersion = 6.2;
						DevelopmentTeam = M5M8GHBC23;
						ProvisioningStyle = Automatic;
					};
				};
			};
			buildConfigurationList = 69D704F81AC8AE61007BF862 /* Build configuration list for PBXProject "Sudoku" */;
			compatibilityVersion = "Xcode 3.2";
			developmentRegion = English;
			hasScannedForEncodings = 0;
			knownRegions = (
				en,
				Base,
			);
			mainGroup = 69D704F41AC8AE61007BF862;
			productRefGroup = 69D704FE1AC8AE61007BF862 /* Products */;
			projectDirPath = "";
			projectRoot = "";
			targets = (
				69D704FC1AC8AE61007BF862 /* Sudoku */,
			);
		};
/* End PBXProject section */

/* Begin PBXResourcesBuildPhase section */
		69D704FB1AC8AE61007BF862 /* Resources */ = {
			isa = PBXResourcesBuildPhase;
			buildActionMask = 2147483647;
			files = (
				69D7050C1AC8AE61007BF862 /* Main.storyboard in Resources */,
				698724EF1B5469C4003677CF /* snd132.mp3 in Resources */,
				69D705111AC8AE61007BF862 /* LaunchScreen.xib in Resources */,
				698724EE1B5469C4003677CF /* snd122.mp3 in Resources */,
				698724E81B5469C4003677CF /* snd010.mp3 in Resources */,
				698724EC1B5469C4003677CF /* snd112.mp3 in Resources */,
				698724E91B5469C4003677CF /* snd012.mp3 in Resources */,
				69253B911AEDC3A300C663B0 /* Fortunes.plist in Resources */,
				698724E71B5469C4003677CF /* snd002.mp3 in Resources */,
				698724ED1B5469C4003677CF /* snd120.mp3 in Resources */,
				697871C41B26875200DB3C8E /* Default-568h@2x.png in Resources */,
				69D7050E1AC8AE61007BF862 /* Images.xcassets in Resources */,
				698724F01B5469C4003677CF /* snd140.mp3 in Resources */,
				698724E41B5469C4003677CF /* alert.aif in Resources */,
				698724E61B5469C4003677CF /* snd001.mp3 in Resources */,
				698724E51B5469C4003677CF /* snd000.mp3 in Resources */,
				698724EB1B5469C4003677CF /* snd111.mp3 in Resources */,
				698724EA1B5469C4003677CF /* snd060.mp3 in Resources */,
			);
			runOnlyForDeploymentPostprocessing = 0;
		};
/* End PBXResourcesBuildPhase section */

/* Begin PBXSourcesBuildPhase section */
		69D704F91AC8AE61007BF862 /* Sources */ = {
			isa = PBXSourcesBuildPhase;
			buildActionMask = 2147483647;
			files = (
				69D705091AC8AE61007BF862 /* ViewController.m in Sources */,
				69D705281AC8B468007BF862 /* BoardView.m in Sources */,
				6910D1871AE09F9A005C52C4 /* game.c in Sources */,
				699C2D651AD22AE000677F49 /* KeyboardView.m in Sources */,
				699C2D671AD62BF200677F49 /* dance.c in Sources */,
				69D705061AC8AE61007BF862 /* AppDelegate.m in Sources */,
				69D705031AC8AE61007BF862 /* main.m in Sources */,
				6908797F1B546C9700D63815 /* HelpViewController.m in Sources */,
			);
			runOnlyForDeploymentPostprocessing = 0;
		};
/* End PBXSourcesBuildPhase section */

/* Begin PBXVariantGroup section */
		69D7050A1AC8AE61007BF862 /* Main.storyboard */ = {
			isa = PBXVariantGroup;
			children = (
				69D7050B1AC8AE61007BF862 /* Base */,
			);
			name = Main.storyboard;
			sourceTree = "<group>";
		};
		69D7050F1AC8AE61007BF862 /* LaunchScreen.xib */ = {
			isa = PBXVariantGroup;
			children = (
				69D705101AC8AE61007BF862 /* Base */,
			);
			name = LaunchScreen.xib;
			sourceTree = "<group>";
		};
/* End PBXVariantGroup section */

/* Begin XCBuildConfiguration section */
		69D7051E1AC8AE62007BF862 /* Debug */ = {
			isa = XCBuildConfiguration;
			buildSettings = {
				ALWAYS_SEARCH_USER_PATHS = NO;
				CLANG_CXX_LANGUAGE_STANDARD = "gnu++0x";
				CLANG_CXX_LIBRARY = "libc++";
				CLANG_ENABLE_MODULES = YES;
				CLANG_ENABLE_OBJC_ARC = YES;
				CLANG_WARN_BOOL_CONVERSION = YES;
				CLANG_WARN_CONSTANT_CONVERSION = YES;
				CLANG_WARN_DIRECT_OBJC_ISA_USAGE = YES_ERROR;
				CLANG_WARN_EMPTY_BODY = YES;
				CLANG_WARN_ENUM_CONVERSION = YES;
				CLANG_WARN_INT_CONVERSION = YES;
				CLANG_WARN_OBJC_ROOT_CLASS = YES_ERROR;
				CLANG_WARN_UNREACHABLE_CODE = YES;
				CLANG_WARN__DUPLICATE_METHOD_MATCH = YES;
				"CODE_SIGN_IDENTITY[sdk=iphoneos*]" = "iPhone Developer: Andrew Simmons (FU28RE4BJU)";
				COPY_PHASE_STRIP = NO;
				ENABLE_STRICT_OBJC_MSGSEND = YES;
				GCC_C_LANGUAGE_STANDARD = gnu99;
				GCC_DYNAMIC_NO_PIC = NO;
				GCC_OPTIMIZATION_LEVEL = 0;
				GCC_PREPROCESSOR_DEFINITIONS = (
					"DEBUG=1",
					"$(inherited)",
				);
				GCC_SYMBOLS_PRIVATE_EXTERN = NO;
				GCC_WARN_64_TO_32_BIT_CONVERSION = YES;
				GCC_WARN_ABOUT_RETURN_TYPE = YES_ERROR;
				GCC_WARN_UNDECLARED_SELECTOR = YES;
				GCC_WARN_UNINITIALIZED_AUTOS = YES_AGGRESSIVE;
				GCC_WARN_UNUSED_FUNCTION = YES;
				GCC_WARN_UNUSED_VARIABLE = YES;
				IPHONEOS_DEPLOYMENT_TARGET = 8.0;
				MTL_ENABLE_DEBUG_INFO = YES;
				ONLY_ACTIVE_ARCH = YES;
				PROVISIONING_PROFILE = "fed50a39-420d-4cb4-bcb3-56e799246456";
				SDKROOT = iphoneos;
				TARGETED_DEVICE_FAMILY = "1,2";
			};
			name = Debug;
		};
		69D7051F1AC8AE62007BF862 /* Release */ = {
			isa = XCBuildConfiguration;
			buildSettings = {
				ALWAYS_SEARCH_USER_PATHS = NO;
				CLANG_CXX_LANGUAGE_STANDARD = "gnu++0x";
				CLANG_CXX_LIBRARY = "libc++";
				CLANG_ENABLE_MODULES = YES;
				CLANG_ENABLE_OBJC_ARC = YES;
				CLANG_WARN_BOOL_CONVERSION = YES;
				CLANG_WARN_CONSTANT_CONVERSION = YES;
				CLANG_WARN_DIRECT_OBJC_ISA_USAGE = YES_ERROR;
				CLANG_WARN_EMPTY_BODY = YES;
				CLANG_WARN_ENUM_CONVERSION = YES;
				CLANG_WARN_INT_CONVERSION = YES;
				CLANG_WARN_OBJC_ROOT_CLASS = YES_ERROR;
				CLANG_WARN_UNREACHABLE_CODE = YES;
				CLANG_WARN__DUPLICATE_METHOD_MATCH = YES;
				CODE_SIGN_IDENTITY = "iPhone Distribution: Andrew Simmons (M5M8GHBC23)";
				"CODE_SIGN_IDENTITY[sdk=iphoneos*]" = "iPhone Distribution: Andrew Simmons (M5M8GHBC23)";
				COPY_PHASE_STRIP = NO;
				ENABLE_NS_ASSERTIONS = NO;
				ENABLE_STRICT_OBJC_MSGSEND = YES;
				GCC_C_LANGUAGE_STANDARD = gnu99;
				GCC_WARN_64_TO_32_BIT_CONVERSION = YES;
				GCC_WARN_ABOUT_RETURN_TYPE = YES_ERROR;
				GCC_WARN_UNDECLARED_SELECTOR = YES;
				GCC_WARN_UNINITIALIZED_AUTOS = YES_AGGRESSIVE;
				GCC_WARN_UNUSED_FUNCTION = YES;
				GCC_WARN_UNUSED_VARIABLE = YES;
				IPHONEOS_DEPLOYMENT_TARGET = 8.0;
				MTL_ENABLE_DEBUG_INFO = NO;
				ONLY_ACTIVE_ARCH = YES;
				PROVISIONING_PROFILE = "cff6ef84-d624-48f7-9495-67e73f969a34";
				SDKROOT = iphoneos;
				TARGETED_DEVICE_FAMILY = "1,2";
				VALIDATE_PRODUCT = YES;
			};
			name = Release;
		};
		69D705211AC8AE62007BF862 /* Debug */ = {
			isa = XCBuildConfiguration;
			buildSettings = {
				ASSETCATALOG_COMPILER_APPICON_NAME = AppIcon;
				CODE_SIGN_IDENTITY = "iPhone Developer";
				"CODE_SIGN_IDENTITY[sdk=*]" = "iPhone Developer";
				"CODE_SIGN_IDENTITY[sdk=iphoneos*]" = "iPhone Developer";
				CODE_SIGN_STYLE = Automatic;
				DEVELOPMENT_TEAM = "";
				INFOPLIST_FILE = "$(SRCROOT)/Sudoku/Info.plist";
				IPHONEOS_DEPLOYMENT_TARGET = 8.0;
				LD_RUNPATH_SEARCH_PATHS = "$(inherited) @executable_path/Frameworks";
				ONLY_ACTIVE_ARCH = NO;
				PRODUCT_NAME = Dudeoku;
				PROVISIONING_PROFILE = "";
				"PROVISIONING_PROFILE[arch=*]" = "";
				PROVISIONING_PROFILE_SPECIFIER = "";
				TARGETED_DEVICE_FAMILY = "1,2";
			};
			name = Debug;
		};
		69D705221AC8AE62007BF862 /* Release */ = {
			isa = XCBuildConfiguration;
			buildSettings = {
				ASSETCATALOG_COMPILER_APPICON_NAME = AppIcon;
				CODE_SIGN_IDENTITY = "iPhone Developer";
				"CODE_SIGN_IDENTITY[sdk=iphoneos*]" = "iPhone Developer";
				CODE_SIGN_STYLE = Automatic;
				DEVELOPMENT_TEAM = "";
				INFOPLIST_FILE = "$(SRCROOT)/Sudoku/Info.plist";
				IPHONEOS_DEPLOYMENT_TARGET = 8.0;
				LD_RUNPATH_SEARCH_PATHS = "$(inherited) @executable_path/Frameworks";
				ONLY_ACTIVE_ARCH = NO;
				PRODUCT_NAME = Dudeoku;
				PROVISIONING_PROFILE = "";
				PROVISIONING_PROFILE_SPECIFIER = "";
				TARGETED_DEVICE_FAMILY = "1,2";
			};
			name = Release;
		};
/* End XCBuildConfiguration section */

/* Begin XCConfigurationList section */
		69D704F81AC8AE61007BF862 /* Build configuration list for PBXProject "Sudoku" */ = {
			isa = XCConfigurationList;
			buildConfigurations = (
				69D7051E1AC8AE62007BF862 /* Debug */,
				69D7051F1AC8AE62007BF862 /* Release */,
			);
			defaultConfigurationIsVisible = 0;
			defaultConfigurationName = Release;
		};
		69D705201AC8AE62007BF862 /* Build configuration list for PBXNativeTarget "Sudoku" */ = {
			isa = XCConfigurationList;
			buildConfigurations = (
				69D705211AC8AE62007BF862 /* Debug */,
				69D705221AC8AE62007BF862 /* Release */,
			);
			defaultConfigurationIsVisible = 0;
			defaultConfigurationName = Release;
		};
/* End XCConfigurationList section */
	};
	rootObject = 69D704F51AC8AE61007BF862 /* Project object */;
}
